# pack|artifact|transform|source sha256|artifact sha256|source URL|license
cjk-jp|ironpress-font-cjk-jp.ttf|static-regular|f4b373b226668ee33a6e54b02823dcd2d1209f17159f777421ae8c2275160369|1b103887faab2ab66e650311e333fbc3c945ceb0b86ea20ac3ec3071aea6895b|https://raw.githubusercontent.com/notofonts/noto-cjk/f8d157532fbfaeda587e826d4cd5b21a49186f7c/Sans/Variable/TTF/Subset/NotoSansJP-VF.ttf|font-packs/LICENSE-CJK.txt
cjk-kr|ironpress-font-cjk-kr.ttf|static-regular|9e1d729e7e2b36f9ef439da102f8c134c10aabe46f1c843bf0aca5c043b86f76|603d7a9a21c5f4bb2fc79e1651923f014c113a576219c04c23b752cca32d6f81|https://raw.githubusercontent.com/notofonts/noto-cjk/f8d157532fbfaeda587e826d4cd5b21a49186f7c/Sans/Variable/TTF/Subset/NotoSansKR-VF.ttf|font-packs/LICENSE-CJK.txt
cjk-sc|ironpress-font-cjk-sc.ttf|static-regular|d68bafcb48a2707749396aa12bbbd833cb70401f3a9a689fd2902c7e0d295964|c7763f454946833081cc90e73186615f8e1189de9c5e5a5a8752871fd79fddbc|https://raw.githubusercontent.com/notofonts/noto-cjk/f8d157532fbfaeda587e826d4cd5b21a49186f7c/Sans/Variable/TTF/Subset/NotoSansSC-VF.ttf|font-packs/LICENSE-CJK.txt
cjk-tc|ironpress-font-cjk-tc.ttf|static-regular|ac091cc8cd19e848202afc8fe6d3809b4526c8fdbdb4be82da20c4f785949591|d3e92454e39c73421f3fdfb657361cdd549bc0977f10f440537b6adf171bac9f|https://raw.githubusercontent.com/notofonts/noto-cjk/f8d157532fbfaeda587e826d4cd5b21a49186f7c/Sans/Variable/TTF/Subset/NotoSansTC-VF.ttf|font-packs/LICENSE-CJK.txt
emoji|ironpress-font-emoji.ttf|copy|de6c18832938afc99caf132b39d6a30a19bac7f2e812e28db2535b4608d27551|de6c18832938afc99caf132b39d6a30a19bac7f2e812e28db2535b4608d27551|https://raw.githubusercontent.com/google/fonts/e1118da94a8cb00cf6d06cdac9ef13eb1e5c6ab7/ofl/notoemoji/NotoEmoji%5Bwght%5D.ttf|assets/LICENSE-NotoEmoji.txt
